
Microsoft Visual Studio Solution File, Format Version 12.00
# Visual Studio Version 16
VisualStudioVersion = 16.0.30104.148
MinimumVisualStudioVersion = 10.0.40219.1
Project("{8BC9CEB8-8B4A-11D0-8D11-00A0C91BC942}") = "Class Initializer List", "Class Initializer List.vcxproj", "{592925F9-7530-4A05-BE91-4B56EF06BEBD}"
EndProject
Global
	GlobalSection(SolutionConfigurationPlatforms) = preSolution
		Debug|x64 = Debug|x64
		Debug|x86 = Debug|x86
		Release|x64 = Release|x64
		Release|x86 = Release|x86
	EndGlobalSection
	GlobalSection(ProjectConfigurationPlatforms) = postSolution
		{592925F9-7530-4A05-BE91-4B56EF06BEBD}.Debug|x64.ActiveCfg = Debug|x64
		{592925F9-7530-4A05-BE91-4B56EF06BEBD}.Debug|x64.Build.0 = Debug|x64
		{592925F9-7530-4A05-BE91-4B56EF06BEBD}.Debug|x86.ActiveCfg = Debug|Win32
		{592925F9-7530-4A05-BE91-4B56EF06BEBD}.Debug|x86.Build.0 = Debug|Win32
		{592925F9-7530-4A05-BE91-4B56EF06BEBD}.Release|x64.ActiveCfg = Release|x64
		{592925F9-7530-4A05-BE91-4B56EF06BEBD}.Release|x64.Build.0 = Release|x64
		{592925F9-7530-4A05-BE91-4B56EF06BEBD}.Release|x86.ActiveCfg = Release|Win32
		{592925F9-7530-4A05-BE91-4B56EF06BEBD}.Release|x86.Build.0 = Release|Win32
	EndGlobalSection
	GlobalSection(SolutionProperties) = preSolution
		HideSolutionNode = FALSE
	EndGlobalSection
	GlobalSection(ExtensibilityGlobals) = postSolution
		SolutionGuid = {F026004F-A2E7-4E4F-ABEB-1AC8EC21F3A3}
	EndGlobalSection
EndGlobal
